
Microsoft Visual Studio Solution File, Format Version 12.00
# Visual Studio Version 17
VisualStudioVersion = 17.12.35506.116 d17.12
MinimumVisualStudioVersion = 10.0.40219.1
Project("{FAE04EC0-301F-11D3-BF4B-00C04F79EFBC}") = "Smart Home", "Smart Home\Smart Home.csproj", "{34D7A4EF-651F-4EE0-979D-5D237DF4003E}"
EndProject
Project("{2150E333-8FDC-42A3-9474-1A3956D46DE8}") = "Core", "Core", "{2784B180-5B46-443E-9E62-6C51ED481016}"
EndProject
Project("{2150E333-8FDC-42A3-9474-1A3956D46DE8}") = "Presentation", "Presentation", "{C2743F77-A459-4B11-98AF-A7F5FC0D5E19}"
EndProject
Project("{FAE04EC0-301F-11D3-BF4B-00C04F79EFBC}") = "Domain", "Domain\Domain.csproj", "{A8BDD587-0FAA-408B-95FB-837FAF826738}"
EndProject
Project("{2150E333-8FDC-42A3-9474-1A3956D46DE8}") = "Application", "Application", "{1BA85E9E-88D9-42B2-93A3-FA5C0685430E}"
EndProject
Global
	GlobalSection(SolutionConfigurationPlatforms) = preSolution
		Debug|Any CPU = Debug|Any CPU
		Release|Any CPU = Release|Any CPU
	EndGlobalSection
	GlobalSection(ProjectConfigurationPlatforms) = postSolution
		{34D7A4EF-651F-4EE0-979D-5D237DF4003E}.Debug|Any CPU.ActiveCfg = Debug|Any CPU
		{34D7A4EF-651F-4EE0-979D-5D237DF4003E}.Debug|Any CPU.Build.0 = Debug|Any CPU
		{34D7A4EF-651F-4EE0-979D-5D237DF4003E}.Release|Any CPU.ActiveCfg = Release|Any CPU
		{34D7A4EF-651F-4EE0-979D-5D237DF4003E}.Release|Any CPU.Build.0 = Release|Any CPU
		{A8BDD587-0FAA-408B-95FB-837FAF826738}.Debug|Any CPU.ActiveCfg = Debug|Any CPU
		{A8BDD587-0FAA-408B-95FB-837FAF826738}.Debug|Any CPU.Build.0 = Debug|Any CPU
		{A8BDD587-0FAA-408B-95FB-837FAF826738}.Release|Any CPU.ActiveCfg = Release|Any CPU
		{A8BDD587-0FAA-408B-95FB-837FAF826738}.Release|Any CPU.Build.0 = Release|Any CPU
	EndGlobalSection
	GlobalSection(SolutionProperties) = preSolution
		HideSolutionNode = FALSE
	EndGlobalSection
	GlobalSection(NestedProjects) = preSolution
		{34D7A4EF-651F-4EE0-979D-5D237DF4003E} = {C2743F77-A459-4B11-98AF-A7F5FC0D5E19}
		{A8BDD587-0FAA-408B-95FB-837FAF826738} = {2784B180-5B46-443E-9E62-6C51ED481016}
	EndGlobalSection
EndGlobal
